
Microsoft Visual Studio Solution File, Format Version 12.00
# Visual Studio Version 17
VisualStudioVersion = 17.3.32929.385
MinimumVisualStudioVersion = 10.0.40219.1
Project("{FAE04EC0-301F-11D3-BF4B-00C04F79EFBC}") = "Employee", "Employee\Employee.csproj", "{1F3AC76D-3588-466F-9092-B208BFAAFB49}"
EndProject
Global
	GlobalSection(SolutionConfigurationPlatforms) = preSolution
		Debug|Any CPU = Debug|Any CPU
		Release|Any CPU = Release|Any CPU
	EndGlobalSection
	GlobalSection(ProjectConfigurationPlatforms) = postSolution
		{1F3AC76D-3588-466F-9092-B208BFAAFB49}.Debug|Any CPU.ActiveCfg = Debug|Any CPU
		{1F3AC76D-3588-466F-9092-B208BFAAFB49}.Debug|Any CPU.Build.0 = Debug|Any CPU
		{1F3AC76D-3588-466F-9092-B208BFAAFB49}.Release|Any CPU.ActiveCfg = Release|Any CPU
		{1F3AC76D-3588-466F-9092-B208BFAAFB49}.Release|Any CPU.Build.0 = Release|Any CPU
	EndGlobalSection
	GlobalSection(SolutionProperties) = preSolution
		HideSolutionNode = FALSE
	EndGlobalSection
	GlobalSection(ExtensibilityGlobals) = postSolution
		SolutionGuid = {317F85BB-6EFB-449D-B74B-19802ED9523C}
	EndGlobalSection
EndGlobal
