
Microsoft Visual Studio Solution File, Format Version 12.00
# Visual Studio Version 17
VisualStudioVersion = 17.3.32929.385
MinimumVisualStudioVersion = 10.0.40219.1
Project("{FAE04EC0-301F-11D3-BF4B-00C04F79EFBC}") = "UgadayChislo", "UgadayChislo\UgadayChislo.csproj", "{97FB1880-CA74-47BB-88D2-A88ED1AAB17F}"
EndProject
Global
	GlobalSection(SolutionConfigurationPlatforms) = preSolution
		Debug|Any CPU = Debug|Any CPU
		Release|Any CPU = Release|Any CPU
	EndGlobalSection
	GlobalSection(ProjectConfigurationPlatforms) = postSolution
		{97FB1880-CA74-47BB-88D2-A88ED1AAB17F}.Debug|Any CPU.ActiveCfg = Debug|Any CPU
		{97FB1880-CA74-47BB-88D2-A88ED1AAB17F}.Debug|Any CPU.Build.0 = Debug|Any CPU
		{97FB1880-CA74-47BB-88D2-A88ED1AAB17F}.Release|Any CPU.ActiveCfg = Release|Any CPU
		{97FB1880-CA74-47BB-88D2-A88ED1AAB17F}.Release|Any CPU.Build.0 = Release|Any CPU
	EndGlobalSection
	GlobalSection(SolutionProperties) = preSolution
		HideSolutionNode = FALSE
	EndGlobalSection
	GlobalSection(ExtensibilityGlobals) = postSolution
		SolutionGuid = {D572670E-516B-4005-B6D2-E5F655DE2CFF}
	EndGlobalSection
EndGlobal
